// !$*UTF8*$!
{
	archiveVersion = 1;
	classes = {
	};
	objectVersion = 56;
	objects = {

/* Begin PBXBuildFile section */
		4351395029A6183E002CC53E /* BufferingView.swift in Sources */ = {isa = PBXBuildFile; fileRef = 4351394F29A6183E002CC53E /* BufferingView.swift */; };
		4351395429A7C397002CC53E /* HistoryView.swift in Sources */ = {isa = PBXBuildFile; fileRef = 4351395329A7C397002CC53E /* HistoryView.swift */; };
		4365789D29A1DC84000558D9 /* ModelManager.swift in Sources */ = {isa = PBXBuildFile; fileRef = 4365789C29A1DC84000558D9 /* ModelManager.swift */; };
		4365789F29A1EA16000558D9 /* RadioPlayerView.swift in Sources */ = {isa = PBXBuildFile; fileRef = 4365789E29A1EA16000558D9 /* RadioPlayerView.swift */; };
		436578A129A1EA64000558D9 /* AnimatedView.swift in Sources */ = {isa = PBXBuildFile; fileRef = 436578A029A1EA64000558D9 /* AnimatedView.swift */; };
		436578A329A22097000558D9 /* ImageCache.swift in Sources */ = {isa = PBXBuildFile; fileRef = 436578A229A22097000558D9 /* ImageCache.swift */; };
		436578A529A241DC000558D9 /* MiniPlayerView.swift in Sources */ = {isa = PBXBuildFile; fileRef = 436578A429A241DC000558D9 /* MiniPlayerView.swift */; };
		436578A729A37AB0000558D9 /* RadioPlayAnimView.swift in Sources */ = {isa = PBXBuildFile; fileRef = 436578A629A37AB0000558D9 /* RadioPlayAnimView.swift */; };
		436578A929A38CCA000558D9 /* MessageDefine.swift in Sources */ = {isa = PBXBuildFile; fileRef = 436578A829A38CCA000558D9 /* MessageDefine.swift */; };
		436578AB29A46B3D000558D9 /* RadioStationModel.swift in Sources */ = {isa = PBXBuildFile; fileRef = 436578AA29A46B3D000558D9 /* RadioStationModel.swift */; };
		436578AD29A49FD2000558D9 /* FavoriteView.swift in Sources */ = {isa = PBXBuildFile; fileRef = 436578AC29A49FD2000558D9 /* FavoriteView.swift */; };
		436578AF29A4A2C1000558D9 /* RadioItemView.swift in Sources */ = {isa = PBXBuildFile; fileRef = 436578AE29A4A2C1000558D9 /* RadioItemView.swift */; };
		436578B329A4AE2E000558D9 /* FavoriteManager.swift in Sources */ = {isa = PBXBuildFile; fileRef = 436578B229A4AE2E000558D9 /* FavoriteManager.swift */; };
		436FB486299E36E7006E9382 /* MainView.swift in Sources */ = {isa = PBXBuildFile; fileRef = 436FB485299E36E7006E9382 /* MainView.swift */; };
		43704721299B8920008F931F /* SimpleInternetRadioApp.swift in Sources */ = {isa = PBXBuildFile; fileRef = 43704720299B8920008F931F /* SimpleInternetRadioApp.swift */; };
		43704723299B8920008F931F /* ContentView.swift in Sources */ = {isa = PBXBuildFile; fileRef = 43704722299B8920008F931F /* ContentView.swift */; };
		43704725299B8921008F931F /* Assets.xcassets in Resources */ = {isa = PBXBuildFile; fileRef = 43704724299B8921008F931F /* Assets.xcassets */; };
		43704728299B8921008F931F /* Preview Assets.xcassets in Resources */ = {isa = PBXBuildFile; fileRef = 43704727299B8921008F931F /* Preview Assets.xcassets */; };
		43704730299B8A63008F931F /* NetworkManager.swift in Sources */ = {isa = PBXBuildFile; fileRef = 4370472F299B8A63008F931F /* NetworkManager.swift */; };
		43704736299B9C42008F931F /* NetworkError.swift in Sources */ = {isa = PBXBuildFile; fileRef = 43704735299B9C42008F931F /* NetworkError.swift */; };
		43704738299DD281008F931F /* RadioPlayer.swift in Sources */ = {isa = PBXBuildFile; fileRef = 43704737299DD281008F931F /* RadioPlayer.swift */; };
		4370473A299DECD7008F931F /* DataManager.swift in Sources */ = {isa = PBXBuildFile; fileRef = 43704739299DECD7008F931F /* DataManager.swift */; };
		4370473C299E00DC008F931F /* RadioStation.swift in Sources */ = {isa = PBXBuildFile; fileRef = 4370473B299E00DC008F931F /* RadioStation.swift */; };
		4370473E299E0E98008F931F /* CountryData.swift in Sources */ = {isa = PBXBuildFile; fileRef = 4370473D299E0E98008F931F /* CountryData.swift */; };
		43704740299E0FB0008F931F /* StateData.swift in Sources */ = {isa = PBXBuildFile; fileRef = 4370473F299E0FB0008F931F /* StateData.swift */; };
		43704742299E101C008F931F /* LanguageData.swift in Sources */ = {isa = PBXBuildFile; fileRef = 43704741299E101C008F931F /* LanguageData.swift */; };
		43704748299E1137008F931F /* TagData.swift in Sources */ = {isa = PBXBuildFile; fileRef = 43704747299E1137008F931F /* TagData.swift */; };
		4370474A299E1267008F931F /* ClickRequestData.swift in Sources */ = {isa = PBXBuildFile; fileRef = 43704749299E1267008F931F /* ClickRequestData.swift */; };
		4370474C299E12F5008F931F /* ClickResultData.swift in Sources */ = {isa = PBXBuildFile; fileRef = 4370474B299E12F5008F931F /* ClickResultData.swift */; };
		4385950829A1CC82006348F2 /* RadioStationsModel.swift in Sources */ = {isa = PBXBuildFile; fileRef = 4385950729A1CC82006348F2 /* RadioStationsModel.swift */; };
		4385950B29A1CCD2006348F2 /* RadioProgress.swift in Sources */ = {isa = PBXBuildFile; fileRef = 4385950A29A1CCD2006348F2 /* RadioProgress.swift */; };
		43CDFB1729A8D928002C3119 /* HistroyManager.swift in Sources */ = {isa = PBXBuildFile; fileRef = 43CDFB1629A8D928002C3119 /* HistroyManager.swift */; };
		43CDFB1929A8DBB4002C3119 /* DomainManager.swift in Sources */ = {isa = PBXBuildFile; fileRef = 43CDFB1829A8DBB4002C3119 /* DomainManager.swift */; };
		43CDFB2929A9FA9A002C3119 /* Localizable.strings in Resources */ = {isa = PBXBuildFile; fileRef = 43CDFB2B29A9FA9A002C3119 /* Localizable.strings */; };
/* End PBXBuildFile section */

/* Begin PBXFileReference section */
		4351394F29A6183E002CC53E /* BufferingView.swift */ = {isa = PBXFileReference; lastKnownFileType = sourcecode.swift; path = BufferingView.swift; sourceTree = "<group>"; };
		4351395329A7C397002CC53E /* HistoryView.swift */ = {isa = PBXFileReference; lastKnownFileType = sourcecode.swift; path = HistoryView.swift; sourceTree = "<group>"; };
		4365789C29A1DC84000558D9 /* ModelManager.swift */ = {isa = PBXFileReference; lastKnownFileType = sourcecode.swift; path = ModelManager.swift; sourceTree = "<group>"; };
		4365789E29A1EA16000558D9 /* RadioPlayerView.swift */ = {isa = PBXFileReference; lastKnownFileType = sourcecode.swift; path = RadioPlayerView.swift; sourceTree = "<group>"; };
		436578A029A1EA64000558D9 /* AnimatedView.swift */ = {isa = PBXFileReference; lastKnownFileType = sourcecode.swift; path = AnimatedView.swift; sourceTree = "<group>"; };
		436578A229A22097000558D9 /* ImageCache.swift */ = {isa = PBXFileReference; lastKnownFileType = sourcecode.swift; path = ImageCache.swift; sourceTree = "<group>"; };
		436578A429A241DC000558D9 /* MiniPlayerView.swift */ = {isa = PBXFileReference; lastKnownFileType = sourcecode.swift; path = MiniPlayerView.swift; sourceTree = "<group>"; };
		436578A629A37AB0000558D9 /* RadioPlayAnimView.swift */ = {isa = PBXFileReference; lastKnownFileType = sourcecode.swift; path = RadioPlayAnimView.swift; sourceTree = "<group>"; };
		436578A829A38CCA000558D9 /* MessageDefine.swift */ = {isa = PBXFileReference; lastKnownFileType = sourcecode.swift; path = MessageDefine.swift; sourceTree = "<group>"; };
		436578AA29A46B3D000558D9 /* RadioStationModel.swift */ = {isa = PBXFileReference; lastKnownFileType = sourcecode.swift; path = RadioStationModel.swift; sourceTree = "<group>"; };
		436578AC29A49FD2000558D9 /* FavoriteView.swift */ = {isa = PBXFileReference; lastKnownFileType = sourcecode.swift; path = FavoriteView.swift; sourceTree = "<group>"; };
		436578AE29A4A2C1000558D9 /* RadioItemView.swift */ = {isa = PBXFileReference; lastKnownFileType = sourcecode.swift; path = RadioItemView.swift; sourceTree = "<group>"; };
		436578B229A4AE2E000558D9 /* FavoriteManager.swift */ = {isa = PBXFileReference; lastKnownFileType = sourcecode.swift; path = FavoriteManager.swift; sourceTree = "<group>"; };
		436FB485299E36E7006E9382 /* MainView.swift */ = {isa = PBXFileReference; lastKnownFileType = sourcecode.swift; path = MainView.swift; sourceTree = "<group>"; };
		4370471D299B8920008F931F /* Internet Radio.app */ = {isa = PBXFileReference; explicitFileType = wrapper.application; includeInIndex = 0; path = "Internet Radio.app"; sourceTree = BUILT_PRODUCTS_DIR; };
		43704720299B8920008F931F /* SimpleInternetRadioApp.swift */ = {isa = PBXFileReference; lastKnownFileType = sourcecode.swift; path = SimpleInternetRadioApp.swift; sourceTree = "<group>"; };
		43704722299B8920008F931F /* ContentView.swift */ = {isa = PBXFileReference; lastKnownFileType = sourcecode.swift; path = ContentView.swift; sourceTree = "<group>"; };
		43704724299B8921008F931F /* Assets.xcassets */ = {isa = PBXFileReference; lastKnownFileType = folder.assetcatalog; path = Assets.xcassets; sourceTree = "<group>"; };
		43704727299B8921008F931F /* Preview Assets.xcassets */ = {isa = PBXFileReference; lastKnownFileType = folder.assetcatalog; path = "Preview Assets.xcassets"; sourceTree = "<group>"; };
		4370472E299B8A2D008F931F /* Info.plist */ = {isa = PBXFileReference; lastKnownFileType = text.plist; path = Info.plist; sourceTree = "<group>"; };
		4370472F299B8A63008F931F /* NetworkManager.swift */ = {isa = PBXFileReference; lastKnownFileType = sourcecode.swift; path = NetworkManager.swift; sourceTree = "<group>"; };
		43704735299B9C42008F931F /* NetworkError.swift */ = {isa = PBXFileReference; lastKnownFileType = sourcecode.swift; path = NetworkError.swift; sourceTree = "<group>"; };
		43704737299DD281008F931F /* RadioPlayer.swift */ = {isa = PBXFileReference; lastKnownFileType = sourcecode.swift; path = RadioPlayer.swift; sourceTree = "<group>"; };
		43704739299DECD7008F931F /* DataManager.swift */ = {isa = PBXFileReference; lastKnownFileType = sourcecode.swift; path = DataManager.swift; sourceTree = "<group>"; };
		4370473B299E00DC008F931F /* RadioStation.swift */ = {isa = PBXFileReference; lastKnownFileType = sourcecode.swift; path = RadioStation.swift; sourceTree = "<group>"; };
		4370473D299E0E98008F931F /* CountryData.swift */ = {isa = PBXFileReference; lastKnownFileType = sourcecode.swift; path = CountryData.swift; sourceTree = "<group>"; };
		4370473F299E0FB0008F931F /* StateData.swift */ = {isa = PBXFileReference; lastKnownFileType = sourcecode.swift; path = StateData.swift; sourceTree = "<group>"; };
		43704741299E101C008F931F /* LanguageData.swift */ = {isa = PBXFileReference; lastKnownFileType = sourcecode.swift; path = LanguageData.swift; sourceTree = "<group>"; };
		43704747299E1137008F931F /* TagData.swift */ = {isa = PBXFileReference; lastKnownFileType = sourcecode.swift; path = TagData.swift; sourceTree = "<group>"; };
		43704749299E1267008F931F /* ClickRequestData.swift */ = {isa = PBXFileReference; lastKnownFileType = sourcecode.swift; path = ClickRequestData.swift; sourceTree = "<group>"; };
		4370474B299E12F5008F931F /* ClickResultData.swift */ = {isa = PBXFileReference; lastKnownFileType = sourcecode.swift; path = ClickResultData.swift; sourceTree = "<group>"; };
		4385950729A1CC82006348F2 /* RadioStationsModel.swift */ = {isa = PBXFileReference; lastKnownFileType = sourcecode.swift; path = RadioStationsModel.swift; sourceTree = "<group>"; };
		4385950A29A1CCD2006348F2 /* RadioProgress.swift */ = {isa = PBXFileReference; lastKnownFileType = sourcecode.swift; path = RadioProgress.swift; sourceTree = "<group>"; };
		43CDFB1629A8D928002C3119 /* HistroyManager.swift */ = {isa = PBXFileReference; lastKnownFileType = sourcecode.swift; path = HistroyManager.swift; sourceTree = "<group>"; };
		43CDFB1829A8DBB4002C3119 /* DomainManager.swift */ = {isa = PBXFileReference; lastKnownFileType = sourcecode.swift; path = DomainManager.swift; sourceTree = "<group>"; };
		43CDFB2A29A9FA9A002C3119 /* en */ = {isa = PBXFileReference; lastKnownFileType = text.plist.strings; name = en; path = en.lproj/Localizable.strings; sourceTree = "<group>"; };
		43CDFB2C29A9FA9F002C3119 /* zh-Hans */ = {isa = PBXFileReference; lastKnownFileType = text.plist.strings; name = "zh-Hans"; path = "zh-Hans.lproj/Localizable.strings"; sourceTree = "<group>"; };
		43CDFB2D29A9FAA0002C3119 /* zh-Hant */ = {isa = PBXFileReference; lastKnownFileType = text.plist.strings; name = "zh-Hant"; path = "zh-Hant.lproj/Localizable.strings"; sourceTree = "<group>"; };
		43CDFB2E29AA00D5002C3119 /* fr */ = {isa = PBXFileReference; lastKnownFileType = text.plist.strings; name = fr; path = fr.lproj/Localizable.strings; sourceTree = "<group>"; };
		43CDFB2F29AA00DC002C3119 /* de */ = {isa = PBXFileReference; lastKnownFileType = text.plist.strings; name = de; path = de.lproj/Localizable.strings; sourceTree = "<group>"; };
		43CDFB3029AA00EE002C3119 /* es */ = {isa = PBXFileReference; lastKnownFileType = text.plist.strings; name = es; path = es.lproj/Localizable.strings; sourceTree = "<group>"; };
		43CDFB3129AA0131002C3119 /* ja */ = {isa = PBXFileReference; lastKnownFileType = text.plist.strings; name = ja; path = ja.lproj/Localizable.strings; sourceTree = "<group>"; };
		43CDFB3229AA013E002C3119 /* it */ = {isa = PBXFileReference; lastKnownFileType = text.plist.strings; name = it; path = it.lproj/Localizable.strings; sourceTree = "<group>"; };
		43CDFB3329AA0150002C3119 /* ko */ = {isa = PBXFileReference; lastKnownFileType = text.plist.strings; name = ko; path = ko.lproj/Localizable.strings; sourceTree = "<group>"; };
		43CDFB3429AA0156002C3119 /* th */ = {isa = PBXFileReference; lastKnownFileType = text.plist.strings; name = th; path = th.lproj/Localizable.strings; sourceTree = "<group>"; };
		43CDFB3529AA0370002C3119 /* ru */ = {isa = PBXFileReference; lastKnownFileType = text.plist.strings; name = ru; path = ru.lproj/Localizable.strings; sourceTree = "<group>"; };
/* End PBXFileReference section */

/* Begin PBXFrameworksBuildPhase section */
		4370471A299B8920008F931F /* Frameworks */ = {
			isa = PBXFrameworksBuildPhase;
			buildActionMask = 2147483647;
			files = (
			);
			runOnlyForDeploymentPostprocessing = 0;
		};
/* End PBXFrameworksBuildPhase section */

/* Begin PBXGroup section */
		43704714299B8920008F931F = {
			isa = PBXGroup;
			children = (
				4370471F299B8920008F931F /* SimpleInternetRadio */,
				4370471E299B8920008F931F /* Products */,
			);
			sourceTree = "<group>";
		};
		4370471E299B8920008F931F /* Products */ = {
			isa = PBXGroup;
			children = (
				4370471D299B8920008F931F /* Internet Radio.app */,
			);
			name = Products;
			sourceTree = "<group>";
		};
		4370471F299B8920008F931F /* SimpleInternetRadio */ = {
			isa = PBXGroup;
			children = (
				4370472E299B8A2D008F931F /* Info.plist */,
				43CDFB3A29AA8C9C002C3119 /* Resource */,
				43704746299E110C008F931F /* Util */,
				43704720299B8920008F931F /* SimpleInternetRadioApp.swift */,
				43704744299E109F008F931F /* Net */,
				43704743299E107B008F931F /* Data */,
				43704722299B8920008F931F /* ContentView.swift */,
				4385950929A1CC9F006348F2 /* Model */,
				4385950629A1059B006348F2 /* View */,
				43704724299B8921008F931F /* Assets.xcassets */,
				43704726299B8921008F931F /* Preview Content */,
			);
			path = SimpleInternetRadio;
			sourceTree = "<group>";
		};
		43704726299B8921008F931F /* Preview Content */ = {
			isa = PBXGroup;
			children = (
				43704727299B8921008F931F /* Preview Assets.xcassets */,
			);
			path = "Preview Content";
			sourceTree = "<group>";
		};
		43704743299E107B008F931F /* Data */ = {
			isa = PBXGroup;
			children = (
				4370473F299E0FB0008F931F /* StateData.swift */,
				436578A829A38CCA000558D9 /* MessageDefine.swift */,
				436578A229A22097000558D9 /* ImageCache.swift */,
				4370474B299E12F5008F931F /* ClickResultData.swift */,
				43704749299E1267008F931F /* ClickRequestData.swift */,
				436578B229A4AE2E000558D9 /* FavoriteManager.swift */,
				43CDFB1829A8DBB4002C3119 /* DomainManager.swift */,
				43CDFB1629A8D928002C3119 /* HistroyManager.swift */,
				43704741299E101C008F931F /* LanguageData.swift */,
				43704747299E1137008F931F /* TagData.swift */,
				4370473D299E0E98008F931F /* CountryData.swift */,
				43704739299DECD7008F931F /* DataManager.swift */,
				4370473B299E00DC008F931F /* RadioStation.swift */,
			);
			path = Data;
			sourceTree = "<group>";
		};
		43704744299E109F008F931F /* Net */ = {
			isa = PBXGroup;
			children = (
				4370472F299B8A63008F931F /* NetworkManager.swift */,
				43704735299B9C42008F931F /* NetworkError.swift */,
			);
			path = Net;
			sourceTree = "<group>";
		};
		43704746299E110C008F931F /* Util */ = {
			isa = PBXGroup;
			children = (
				43704737299DD281008F931F /* RadioPlayer.swift */,
			);
			path = Util;
			sourceTree = "<group>";
		};
		4385950629A1059B006348F2 /* View */ = {
			isa = PBXGroup;
			children = (
				436FB485299E36E7006E9382 /* MainView.swift */,
				4351394F29A6183E002CC53E /* BufferingView.swift */,
				436578AE29A4A2C1000558D9 /* RadioItemView.swift */,
				436578AC29A49FD2000558D9 /* FavoriteView.swift */,
				4351395329A7C397002CC53E /* HistoryView.swift */,
				436578A629A37AB0000558D9 /* RadioPlayAnimView.swift */,
				436578A429A241DC000558D9 /* MiniPlayerView.swift */,
				436578A029A1EA64000558D9 /* AnimatedView.swift */,
				4365789E29A1EA16000558D9 /* RadioPlayerView.swift */,
			);
			path = View;
			sourceTree = "<group>";
		};
		4385950929A1CC9F006348F2 /* Model */ = {
			isa = PBXGroup;
			children = (
				4385950729A1CC82006348F2 /* RadioStationsModel.swift */,
				436578AA29A46B3D000558D9 /* RadioStationModel.swift */,
				4385950A29A1CCD2006348F2 /* RadioProgress.swift */,
				4365789C29A1DC84000558D9 /* ModelManager.swift */,
			);
			path = Model;
			sourceTree = "<group>";
		};
		43CDFB3A29AA8C9C002C3119 /* Resource */ = {
			isa = PBXGroup;
			children = (
				43CDFB2B29A9FA9A002C3119 /* Localizable.strings */,
			);
			path = Resource;
			sourceTree = "<group>";
		};
/* End PBXGroup section */

/* Begin PBXNativeTarget section */
		4370471C299B8920008F931F /* SimpleInternetRadio */ = {
			isa = PBXNativeTarget;
			buildConfigurationList = 4370472B299B8921008F931F /* Build configuration list for PBXNativeTarget "SimpleInternetRadio" */;
			buildPhases = (
				43704719299B8920008F931F /* Sources */,
				4370471A299B8920008F931F /* Frameworks */,
				4370471B299B8920008F931F /* Resources */,
			);
			buildRules = (
			);
			dependencies = (
			);
			name = SimpleInternetRadio;
			productName = SimpleInternetRadio;
			productReference = 4370471D299B8920008F931F /* Internet Radio.app */;
			productType = "com.apple.product-type.application";
		};
/* End PBXNativeTarget section */

/* Begin PBXProject section */
		43704715299B8920008F931F /* Project object */ = {
			isa = PBXProject;
			attributes = {
				BuildIndependentTargetsInParallel = 1;
				LastSwiftUpdateCheck = 1420;
				LastUpgradeCheck = 1420;
				TargetAttributes = {
					4370471C299B8920008F931F = {
						CreatedOnToolsVersion = 14.2;
					};
				};
			};
			buildConfigurationList = 43704718299B8920008F931F /* Build configuration list for PBXProject "SimpleInternetRadio" */;
			compatibilityVersion = "Xcode 14.0";
			developmentRegion = en;
			hasScannedForEncodings = 0;
			knownRegions = (
				en,
				Base,
				"zh-Hans",
				"zh-Hant",
				fr,
				de,
				es,
				ja,
				it,
				ko,
				th,
				ru,
			);
			mainGroup = 43704714299B8920008F931F;
			productRefGroup = 4370471E299B8920008F931F /* Products */;
			projectDirPath = "";
			projectRoot = "";
			targets = (
				4370471C299B8920008F931F /* SimpleInternetRadio */,
			);
		};
/* End PBXProject section */

/* Begin PBXResourcesBuildPhase section */
		4370471B299B8920008F931F /* Resources */ = {
			isa = PBXResourcesBuildPhase;
			buildActionMask = 2147483647;
			files = (
				43CDFB2929A9FA9A002C3119 /* Localizable.strings in Resources */,
				43704728299B8921008F931F /* Preview Assets.xcassets in Resources */,
				43704725299B8921008F931F /* Assets.xcassets in Resources */,
			);
			runOnlyForDeploymentPostprocessing = 0;
		};
/* End PBXResourcesBuildPhase section */

/* Begin PBXSourcesBuildPhase section */
		43704719299B8920008F931F /* Sources */ = {
			isa = PBXSourcesBuildPhase;
			buildActionMask = 2147483647;
			files = (
				43CDFB1729A8D928002C3119 /* HistroyManager.swift in Sources */,
				43CDFB1929A8DBB4002C3119 /* DomainManager.swift in Sources */,
				43704730299B8A63008F931F /* NetworkManager.swift in Sources */,
				436578AF29A4A2C1000558D9 /* RadioItemView.swift in Sources */,
				436FB486299E36E7006E9382 /* MainView.swift in Sources */,
				4365789D29A1DC84000558D9 /* ModelManager.swift in Sources */,
				4385950B29A1CCD2006348F2 /* RadioProgress.swift in Sources */,
				436578AB29A46B3D000558D9 /* RadioStationModel.swift in Sources */,
				4351395429A7C397002CC53E /* HistoryView.swift in Sources */,
				43704742299E101C008F931F /* LanguageData.swift in Sources */,
				4370473C299E00DC008F931F /* RadioStation.swift in Sources */,
				4370473A299DECD7008F931F /* DataManager.swift in Sources */,
				43704736299B9C42008F931F /* NetworkError.swift in Sources */,
				4370473E299E0E98008F931F /* CountryData.swift in Sources */,
				43704748299E1137008F931F /* TagData.swift in Sources */,
				436578A329A22097000558D9 /* ImageCache.swift in Sources */,
				436578A729A37AB0000558D9 /* RadioPlayAnimView.swift in Sources */,
				436578A129A1EA64000558D9 /* AnimatedView.swift in Sources */,
				436578A929A38CCA000558D9 /* MessageDefine.swift in Sources */,
				43704740299E0FB0008F931F /* StateData.swift in Sources */,
				4351395029A6183E002CC53E /* BufferingView.swift in Sources */,
				436578A529A241DC000558D9 /* MiniPlayerView.swift in Sources */,
				4370474A299E1267008F931F /* ClickRequestData.swift in Sources */,
				4365789F29A1EA16000558D9 /* RadioPlayerView.swift in Sources */,
				43704723299B8920008F931F /* ContentView.swift in Sources */,
				436578AD29A49FD2000558D9 /* FavoriteView.swift in Sources */,
				436578B329A4AE2E000558D9 /* FavoriteManager.swift in Sources */,
				4385950829A1CC82006348F2 /* RadioStationsModel.swift in Sources */,
				43704721299B8920008F931F /* SimpleInternetRadioApp.swift in Sources */,
				4370474C299E12F5008F931F /* ClickResultData.swift in Sources */,
				43704738299DD281008F931F /* RadioPlayer.swift in Sources */,
			);
			runOnlyForDeploymentPostprocessing = 0;
		};
/* End PBXSourcesBuildPhase section */

/* Begin PBXVariantGroup section */
		43CDFB2B29A9FA9A002C3119 /* Localizable.strings */ = {
			isa = PBXVariantGroup;
			children = (
				43CDFB2A29A9FA9A002C3119 /* en */,
				43CDFB2C29A9FA9F002C3119 /* zh-Hans */,
				43CDFB2D29A9FAA0002C3119 /* zh-Hant */,
				43CDFB2E29AA00D5002C3119 /* fr */,
				43CDFB2F29AA00DC002C3119 /* de */,
				43CDFB3029AA00EE002C3119 /* es */,
				43CDFB3129AA0131002C3119 /* ja */,
				43CDFB3229AA013E002C3119 /* it */,
				43CDFB3329AA0150002C3119 /* ko */,
				43CDFB3429AA0156002C3119 /* th */,
				43CDFB3529AA0370002C3119 /* ru */,
			);
			name = Localizable.strings;
			sourceTree = "<group>";
		};
/* End PBXVariantGroup section */

/* Begin XCBuildConfiguration section */
		43704729299B8921008F931F /* Debug */ = {
			isa = XCBuildConfiguration;
			buildSettings = {
				ALWAYS_SEARCH_USER_PATHS = NO;
				CLANG_ANALYZER_NONNULL = YES;
				CLANG_ANALYZER_NUMBER_OBJECT_CONVERSION = YES_AGGRESSIVE;
				CLANG_CXX_LANGUAGE_STANDARD = "gnu++20";
				CLANG_ENABLE_MODULES = YES;
				CLANG_ENABLE_OBJC_ARC = YES;
				CLANG_ENABLE_OBJC_WEAK = YES;
				CLANG_WARN_BLOCK_CAPTURE_AUTORELEASING = YES;
				CLANG_WARN_BOOL_CONVERSION = YES;
				CLANG_WARN_COMMA = YES;
				CLANG_WARN_CONSTANT_CONVERSION = YES;
				CLANG_WARN_DEPRECATED_OBJC_IMPLEMENTATIONS = YES;
				CLANG_WARN_DIRECT_OBJC_ISA_USAGE = YES_ERROR;
				CLANG_WARN_DOCUMENTATION_COMMENTS = YES;
				CLANG_WARN_EMPTY_BODY = YES;
				CLANG_WARN_ENUM_CONVERSION = YES;
				CLANG_WARN_INFINITE_RECURSION = YES;
				CLANG_WARN_INT_CONVERSION = YES;
				CLANG_WARN_NON_LITERAL_NULL_CONVERSION = YES;
				CLANG_WARN_OBJC_IMPLICIT_RETAIN_SELF = YES;
				CLANG_WARN_OBJC_LITERAL_CONVERSION = YES;
				CLANG_WARN_OBJC_ROOT_CLASS = YES_ERROR;
				CLANG_WARN_QUOTED_INCLUDE_IN_FRAMEWORK_HEADER = YES;
				CLANG_WARN_RANGE_LOOP_ANALYSIS = YES;
				CLANG_WARN_STRICT_PROTOTYPES = YES;
				CLANG_WARN_SUSPICIOUS_MOVE = YES;
				CLANG_WARN_UNGUARDED_AVAILABILITY = YES_AGGRESSIVE;
				CLANG_WARN_UNREACHABLE_CODE = YES;
				CLANG_WARN__DUPLICATE_METHOD_MATCH = YES;
				COPY_PHASE_STRIP = NO;
				DEBUG_INFORMATION_FORMAT = dwarf;
				ENABLE_STRICT_OBJC_MSGSEND = YES;
				ENABLE_TESTABILITY = YES;
				GCC_C_LANGUAGE_STANDARD = gnu11;
				GCC_DYNAMIC_NO_PIC = NO;
				GCC_NO_COMMON_BLOCKS = YES;
				GCC_OPTIMIZATION_LEVEL = 0;
				GCC_PREPROCESSOR_DEFINITIONS = (
					"DEBUG=1",
					"$(inherited)",
				);
				GCC_WARN_64_TO_32_BIT_CONVERSION = YES;
				GCC_WARN_ABOUT_RETURN_TYPE = YES_ERROR;
				GCC_WARN_UNDECLARED_SELECTOR = YES;
				GCC_WARN_UNINITIALIZED_AUTOS = YES_AGGRESSIVE;
				GCC_WARN_UNUSED_FUNCTION = YES;
				GCC_WARN_UNUSED_VARIABLE = YES;
				IPHONEOS_DEPLOYMENT_TARGET = 14.0;
				MTL_ENABLE_DEBUG_INFO = INCLUDE_SOURCE;
				MTL_FAST_MATH = YES;
				ONLY_ACTIVE_ARCH = YES;
				SDKROOT = iphoneos;
				SWIFT_ACTIVE_COMPILATION_CONDITIONS = DEBUG;
				SWIFT_OPTIMIZATION_LEVEL = "-Onone";
			};
			name = Debug;
		};
		4370472A299B8921008F931F /* Release */ = {
			isa = XCBuildConfiguration;
			buildSettings = {
				ALWAYS_SEARCH_USER_PATHS = NO;
				CLANG_ANALYZER_NONNULL = YES;
				CLANG_ANALYZER_NUMBER_OBJECT_CONVERSION = YES_AGGRESSIVE;
				CLANG_CXX_LANGUAGE_STANDARD = "gnu++20";
				CLANG_ENABLE_MODULES = YES;
				CLANG_ENABLE_OBJC_ARC = YES;
				CLANG_ENABLE_OBJC_WEAK = YES;
				CLANG_WARN_BLOCK_CAPTURE_AUTORELEASING = YES;
				CLANG_WARN_BOOL_CONVERSION = YES;
				CLANG_WARN_COMMA = YES;
				CLANG_WARN_CONSTANT_CONVERSION = YES;
				CLANG_WARN_DEPRECATED_OBJC_IMPLEMENTATIONS = YES;
				CLANG_WARN_DIRECT_OBJC_ISA_USAGE = YES_ERROR;
				CLANG_WARN_DOCUMENTATION_COMMENTS = YES;
				CLANG_WARN_EMPTY_BODY = YES;
				CLANG_WARN_ENUM_CONVERSION = YES;
				CLANG_WARN_INFINITE_RECURSION = YES;
				CLANG_WARN_INT_CONVERSION = YES;
				CLANG_WARN_NON_LITERAL_NULL_CONVERSION = YES;
				CLANG_WARN_OBJC_IMPLICIT_RETAIN_SELF = YES;
				CLANG_WARN_OBJC_LITERAL_CONVERSION = YES;
				CLANG_WARN_OBJC_ROOT_CLASS = YES_ERROR;
				CLANG_WARN_QUOTED_INCLUDE_IN_FRAMEWORK_HEADER = YES;
				CLANG_WARN_RANGE_LOOP_ANALYSIS = YES;
				CLANG_WARN_STRICT_PROTOTYPES = YES;
				CLANG_WARN_SUSPICIOUS_MOVE = YES;
				CLANG_WARN_UNGUARDED_AVAILABILITY = YES_AGGRESSIVE;
				CLANG_WARN_UNREACHABLE_CODE = YES;
				CLANG_WARN__DUPLICATE_METHOD_MATCH = YES;
				COPY_PHASE_STRIP = NO;
				DEBUG_INFORMATION_FORMAT = "dwarf-with-dsym";
				ENABLE_NS_ASSERTIONS = NO;
				ENABLE_STRICT_OBJC_MSGSEND = YES;
				GCC_C_LANGUAGE_STANDARD = gnu11;
				GCC_NO_COMMON_BLOCKS = YES;
				GCC_WARN_64_TO_32_BIT_CONVERSION = YES;
				GCC_WARN_ABOUT_RETURN_TYPE = YES_ERROR;
				GCC_WARN_UNDECLARED_SELECTOR = YES;
				GCC_WARN_UNINITIALIZED_AUTOS = YES_AGGRESSIVE;
				GCC_WARN_UNUSED_FUNCTION = YES;
				GCC_WARN_UNUSED_VARIABLE = YES;
				IPHONEOS_DEPLOYMENT_TARGET = 14.0;
				MTL_ENABLE_DEBUG_INFO = NO;
				MTL_FAST_MATH = YES;
				SDKROOT = iphoneos;
				SWIFT_COMPILATION_MODE = wholemodule;
				SWIFT_OPTIMIZATION_LEVEL = "-O";
				VALIDATE_PRODUCT = YES;
			};
			name = Release;
		};
		4370472C299B8921008F931F /* Debug */ = {
			isa = XCBuildConfiguration;
			buildSettings = {
				ASSETCATALOG_COMPILER_APPICON_NAME = AppIcon;
				ASSETCATALOG_COMPILER_GLOBAL_ACCENT_COLOR_NAME = AccentColor;
				CODE_SIGN_STYLE = Automatic;
				CURRENT_PROJECT_VERSION = 1;
				DEVELOPMENT_ASSET_PATHS = "\"SimpleInternetRadio/Preview Content\"";
				DEVELOPMENT_TEAM = PWJ7LY649G;
				ENABLE_PREVIEWS = YES;
				GENERATE_INFOPLIST_FILE = YES;
				INFOPLIST_FILE = SimpleInternetRadio/Info.plist;
				INFOPLIST_KEY_UIApplicationSupportsIndirectInputEvents = YES;
				INFOPLIST_KEY_UILaunchScreen_Generation = YES;
				INFOPLIST_KEY_UISupportedInterfaceOrientations = UIInterfaceOrientationPortrait;
				INFOPLIST_KEY_UISupportedInterfaceOrientations_iPad = "UIInterfaceOrientationPortrait UIInterfaceOrientationPortraitUpsideDown";
				IPHONEOS_DEPLOYMENT_TARGET = 16.1;
				LD_RUNPATH_SEARCH_PATHS = (
					"$(inherited)",
					"@executable_path/Frameworks",
				);
				MARKETING_VERSION = 1.0;
				PRODUCT_BUNDLE_IDENTIFIER = com.MyProject.SimpleInternetRadio;
				PRODUCT_NAME = "Internet Radio";
				SWIFT_EMIT_LOC_STRINGS = YES;
				SWIFT_VERSION = 5.0;
				TARGETED_DEVICE_FAMILY = "1,2";
			};
			name = Debug;
		};
		4370472D299B8921008F931F /* Release */ = {
			isa = XCBuildConfiguration;
			buildSettings = {
				ASSETCATALOG_COMPILER_APPICON_NAME = AppIcon;
				ASSETCATALOG_COMPILER_GLOBAL_ACCENT_COLOR_NAME = AccentColor;
				CODE_SIGN_STYLE = Automatic;
				CURRENT_PROJECT_VERSION = 1;
				DEVELOPMENT_ASSET_PATHS = "\"SimpleInternetRadio/Preview Content\"";
				DEVELOPMENT_TEAM = PWJ7LY649G;
				ENABLE_PREVIEWS = YES;
				GENERATE_INFOPLIST_FILE = YES;
				INFOPLIST_FILE = SimpleInternetRadio/Info.plist;
				INFOPLIST_KEY_UIApplicationSupportsIndirectInputEvents = YES;
				INFOPLIST_KEY_UILaunchScreen_Generation = YES;
				INFOPLIST_KEY_UISupportedInterfaceOrientations = UIInterfaceOrientationPortrait;
				INFOPLIST_KEY_UISupportedInterfaceOrientations_iPad = "UIInterfaceOrientationPortrait UIInterfaceOrientationPortraitUpsideDown";
				IPHONEOS_DEPLOYMENT_TARGET = 16.1;
				LD_RUNPATH_SEARCH_PATHS = (
					"$(inherited)",
					"@executable_path/Frameworks",
				);
				MARKETING_VERSION = 1.0;
				PRODUCT_BUNDLE_IDENTIFIER = com.MyProject.SimpleInternetRadio;
				PRODUCT_NAME = "Internet Radio";
				SWIFT_EMIT_LOC_STRINGS = YES;
				SWIFT_VERSION = 5.0;
				TARGETED_DEVICE_FAMILY = "1,2";
			};
			name = Release;
		};
/* End XCBuildConfiguration section */

/* Begin XCConfigurationList section */
		43704718299B8920008F931F /* Build configuration list for PBXProject "SimpleInternetRadio" */ = {
			isa = XCConfigurationList;
			buildConfigurations = (
				43704729299B8921008F931F /* Debug */,
				4370472A299B8921008F931F /* Release */,
			);
			defaultConfigurationIsVisible = 0;
			defaultConfigurationName = Release;
		};
		4370472B299B8921008F931F /* Build configuration list for PBXNativeTarget "SimpleInternetRadio" */ = {
			isa = XCConfigurationList;
			buildConfigurations = (
				4370472C299B8921008F931F /* Debug */,
				4370472D299B8921008F931F /* Release */,
			);
			defaultConfigurationIsVisible = 0;
			defaultConfigurationName = Release;
		};
/* End XCConfigurationList section */
	};
	rootObject = 43704715299B8920008F931F /* Project object */;
}
